
Microsoft Visual Studio Solution File, Format Version 12.00
Project("{FAE04EC0-301F-11D3-BF4B-00C04F79EFBC}") = "Youtube-dl_Gui", "Youtube-dl_Gui\Youtube-dl_Gui.csproj", "{CCB2D7AC-2CB0-4D04-A184-5E140CDA8953}"
EndProject
Global
	GlobalSection(SolutionConfigurationPlatforms) = preSolution
		Debug|Any CPU = Debug|Any CPU
		Release|Any CPU = Release|Any CPU
	EndGlobalSection
	GlobalSection(ProjectConfigurationPlatforms) = postSolution
		{CCB2D7AC-2CB0-4D04-A184-5E140CDA8953}.Debug|Any CPU.ActiveCfg = Debug|Any CPU
		{CCB2D7AC-2CB0-4D04-A184-5E140CDA8953}.Debug|Any CPU.Build.0 = Debug|Any CPU
		{CCB2D7AC-2CB0-4D04-A184-5E140CDA8953}.Release|Any CPU.ActiveCfg = Release|Any CPU
		{CCB2D7AC-2CB0-4D04-A184-5E140CDA8953}.Release|Any CPU.Build.0 = Release|Any CPU
	EndGlobalSection
EndGlobal
